// !$*UTF8*$!
{
	archiveVersion = 1;
	classes = {
	};
	objectVersion = 50;
	objects = {

/* Begin PBXBuildFile section */
		26221CC420C91833009A6E3D /* AppDelegate.swift in Sources */ = {isa = PBXBuildFile; fileRef = 26221CC320C91833009A6E3D /* AppDelegate.swift */; };
		26221CC620C91833009A6E3D /* ViewController.swift in Sources */ = {isa = PBXBuildFile; fileRef = 26221CC520C91833009A6E3D /* ViewController.swift */; };
		26221CC920C91833009A6E3D /* Main.storyboard in Resources */ = {isa = PBXBuildFile; fileRef = 26221CC720C91833009A6E3D /* Main.storyboard */; };
		26221CCB20C91834009A6E3D /* Assets.xcassets in Resources */ = {isa = PBXBuildFile; fileRef = 26221CCA20C91834009A6E3D /* Assets.xcassets */; };
		26221CCE20C91834009A6E3D /* LaunchScreen.storyboard in Resources */ = {isa = PBXBuildFile; fileRef = 26221CCC20C91834009A6E3D /* LaunchScreen.storyboard */; };
		26221CD920C91834009A6E3D /* zb_bestTests.swift in Sources */ = {isa = PBXBuildFile; fileRef = 26221CD820C91834009A6E3D /* zb_bestTests.swift */; };
		26221CE420C91834009A6E3D /* zb_bestUITests.swift in Sources */ = {isa = PBXBuildFile; fileRef = 26221CE320C91834009A6E3D /* zb_bestUITests.swift */; };
/* End PBXBuildFile section */

/* Begin PBXContainerItemProxy section */
		26221CD520C91834009A6E3D /* PBXContainerItemProxy */ = {
			isa = PBXContainerItemProxy;
			containerPortal = 26221CB820C91833009A6E3D /* Project object */;
			proxyType = 1;
			remoteGlobalIDString = 26221CBF20C91833009A6E3D;
			remoteInfo = zb_best;
		};
		26221CE020C91834009A6E3D /* PBXContainerItemProxy */ = {
			isa = PBXContainerItemProxy;
			containerPortal = 26221CB820C91833009A6E3D /* Project object */;
			proxyType = 1;
			remoteGlobalIDString = 26221CBF20C91833009A6E3D;
			remoteInfo = zb_best;
		};
/* End PBXContainerItemProxy section */

/* Begin PBXFileReference section */
		26221CC020C91833009A6E3D /* zb_best.app */ = {isa = PBXFileReference; explicitFileType = wrapper.application; includeInIndex = 0; path = zb_best.app; sourceTree = BUILT_PRODUCTS_DIR; };
		26221CC320C91833009A6E3D /* AppDelegate.swift */ = {isa = PBXFileReference; lastKnownFileType = sourcecode.swift; path = AppDelegate.swift; sourceTree = "<group>"; };
		26221CC520C91833009A6E3D /* ViewController.swift */ = {isa = PBXFileReference; lastKnownFileType = sourcecode.swift; path = ViewController.swift; sourceTree = "<group>"; };
		26221CC820C91833009A6E3D /* Base */ = {isa = PBXFileReference; lastKnownFileType = file.storyboard; name = Base; path = Base.lproj/Main.storyboard; sourceTree = "<group>"; };
		26221CCA20C91834009A6E3D /* Assets.xcassets */ = {isa = PBXFileReference; lastKnownFileType = folder.assetcatalog; path = Assets.xcassets; sourceTree = "<group>"; };
		26221CCD20C91834009A6E3D /* Base */ = {isa = PBXFileReference; lastKnownFileType = file.storyboard; name = Base; path = Base.lproj/LaunchScreen.storyboard; sourceTree = "<group>"; };
		26221CCF20C91834009A6E3D /* Info.plist */ = {isa = PBXFileReference; lastKnownFileType = text.plist.xml; path = Info.plist; sourceTree = "<group>"; };
		26221CD420C91834009A6E3D /* zb_bestTests.xctest */ = {isa = PBXFileReference; explicitFileType = wrapper.cfbundle; includeInIndex = 0; path = zb_bestTests.xctest; sourceTree = BUILT_PRODUCTS_DIR; };
		26221CD820C91834009A6E3D /* zb_bestTests.swift */ = {isa = PBXFileReference; lastKnownFileType = sourcecode.swift; path = zb_bestTests.swift; sourceTree = "<group>"; };
		26221CDA20C91834009A6E3D /* Info.plist */ = {isa = PBXFileReference; lastKnownFileType = text.plist.xml; path = Info.plist; sourceTree = "<group>"; };
		26221CDF20C91834009A6E3D /* zb_bestUITests.xctest */ = {isa = PBXFileReference; explicitFileType = wrapper.cfbundle; includeInIndex = 0; path = zb_bestUITests.xctest; sourceTree = BUILT_PRODUCTS_DIR; };
		26221CE320C91834009A6E3D /* zb_bestUITests.swift */ = {isa = PBXFileReference; lastKnownFileType = sourcecode.swift; path = zb_bestUITests.swift; sourceTree = "<group>"; };
		26221CE520C91834009A6E3D /* Info.plist */ = {isa = PBXFileReference; lastKnownFileType = text.plist.xml; path = Info.plist; sourceTree = "<group>"; };
/* End PBXFileReference section */

/* Begin PBXFrameworksBuildPhase section */
		26221CBD20C91833009A6E3D /* Frameworks */ = {
			isa = PBXFrameworksBuildPhase;
			buildActionMask = 2147483647;
			files = (
			);
			runOnlyForDeploymentPostprocessing = 0;
		};
		26221CD120C91834009A6E3D /* Frameworks */ = {
			isa = PBXFrameworksBuildPhase;
			buildActionMask = 2147483647;
			files = (
			);
			runOnlyForDeploymentPostprocessing = 0;
		};
		26221CDC20C91834009A6E3D /* Frameworks */ = {
			isa = PBXFrameworksBuildPhase;
			buildActionMask = 2147483647;
			files = (
			);
			runOnlyForDeploymentPostprocessing = 0;
		};
/* End PBXFrameworksBuildPhase section */

/* Begin PBXGroup section */
		26221CB720C91833009A6E3D = {
			isa = PBXGroup;
			children = (
				26221CC220C91833009A6E3D /* zb_best */,
				26221CD720C91834009A6E3D /* zb_bestTests */,
				26221CE220C91834009A6E3D /* zb_bestUITests */,
				26221CC120C91833009A6E3D /* Products */,
			);
			sourceTree = "<group>";
		};
		26221CC120C91833009A6E3D /* Products */ = {
			isa = PBXGroup;
			children = (
				26221CC020C91833009A6E3D /* zb_best.app */,
				26221CD420C91834009A6E3D /* zb_bestTests.xctest */,
				26221CDF20C91834009A6E3D /* zb_bestUITests.xctest */,
			);
			name = Products;
			sourceTree = "<group>";
		};
		26221CC220C91833009A6E3D /* zb_best */ = {
			isa = PBXGroup;
			children = (
				26221CC320C91833009A6E3D /* AppDelegate.swift */,
				26221CC520C91833009A6E3D /* ViewController.swift */,
				26221CC720C91833009A6E3D /* Main.storyboard */,
				26221CCA20C91834009A6E3D /* Assets.xcassets */,
				26221CCC20C91834009A6E3D /* LaunchScreen.storyboard */,
				26221CCF20C91834009A6E3D /* Info.plist */,
			);
			path = zb_best;
			sourceTree = "<group>";
		};
		26221CD720C91834009A6E3D /* zb_bestTests */ = {
			isa = PBXGroup;
			children = (
				26221CD820C91834009A6E3D /* zb_bestTests.swift */,
				26221CDA20C91834009A6E3D /* Info.plist */,
			);
			path = zb_bestTests;
			sourceTree = "<group>";
		};
		26221CE220C91834009A6E3D /* zb_bestUITests */ = {
			isa = PBXGroup;
			children = (
				26221CE320C91834009A6E3D /* zb_bestUITests.swift */,
				26221CE520C91834009A6E3D /* Info.plist */,
			);
			path = zb_bestUITests;
			sourceTree = "<group>";
		};
/* End PBXGroup section */

/* Begin PBXNativeTarget section */
		26221CBF20C91833009A6E3D /* zb_best */ = {
			isa = PBXNativeTarget;
			buildConfigurationList = 26221CE820C91834009A6E3D /* Build configuration list for PBXNativeTarget "zb_best" */;
			buildPhases = (
				26221CBC20C91833009A6E3D /* Sources */,
				26221CBD20C91833009A6E3D /* Frameworks */,
				26221CBE20C91833009A6E3D /* Resources */,
			);
			buildRules = (
			);
			dependencies = (
			);
			name = zb_best;
			productName = zb_best;
			productReference = 26221CC020C91833009A6E3D /* zb_best.app */;
			productType = "com.apple.product-type.application";
		};
		26221CD320C91834009A6E3D /* zb_bestTests */ = {
			isa = PBXNativeTarget;
			buildConfigurationList = 26221CEB20C91834009A6E3D /* Build configuration list for PBXNativeTarget "zb_bestTests" */;
			buildPhases = (
				26221CD020C91834009A6E3D /* Sources */,
				26221CD120C91834009A6E3D /* Frameworks */,
				26221CD220C91834009A6E3D /* Resources */,
			);
			buildRules = (
			);
			dependencies = (
				26221CD620C91834009A6E3D /* PBXTargetDependency */,
			);
			name = zb_bestTests;
			productName = zb_bestTests;
			productReference = 26221CD420C91834009A6E3D /* zb_bestTests.xctest */;
			productType = "com.apple.product-type.bundle.unit-test";
		};
		26221CDE20C91834009A6E3D /* zb_bestUITests */ = {
			isa = PBXNativeTarget;
			buildConfigurationList = 26221CEE20C91834009A6E3D /* Build configuration list for PBXNativeTarget "zb_bestUITests" */;
			buildPhases = (
				26221CDB20C91834009A6E3D /* Sources */,
				26221CDC20C91834009A6E3D /* Frameworks */,
				26221CDD20C91834009A6E3D /* Resources */,
			);
			buildRules = (
			);
			dependencies = (
				26221CE120C91834009A6E3D /* PBXTargetDependency */,
			);
			name = zb_bestUITests;
			productName = zb_bestUITests;
			productReference = 26221CDF20C91834009A6E3D /* zb_bestUITests.xctest */;
			productType = "com.apple.product-type.bundle.ui-testing";
		};
/* End PBXNativeTarget section */

/* Begin PBXProject section */
		26221CB820C91833009A6E3D /* Project object */ = {
			isa = PBXProject;
			attributes = {
				LastSwiftUpdateCheck = 0930;
				LastUpgradeCheck = 0930;
				ORGANIZATIONNAME = "Jz D";
				TargetAttributes = {
					26221CBF20C91833009A6E3D = {
						CreatedOnToolsVersion = 9.3;
					};
					26221CD320C91834009A6E3D = {
						CreatedOnToolsVersion = 9.3;
						TestTargetID = 26221CBF20C91833009A6E3D;
					};
					26221CDE20C91834009A6E3D = {
						CreatedOnToolsVersion = 9.3;
						TestTargetID = 26221CBF20C91833009A6E3D;
					};
				};
			};
			buildConfigurationList = 26221CBB20C91833009A6E3D /* Build configuration list for PBXProject "zb_best" */;
			compatibilityVersion = "Xcode 9.3";
			developmentRegion = en;
			hasScannedForEncodings = 0;
			knownRegions = (
				en,
				Base,
			);
			mainGroup = 26221CB720C91833009A6E3D;
			productRefGroup = 26221CC120C91833009A6E3D /* Products */;
			projectDirPath = "";
			projectRoot = "";
			targets = (
				26221CBF20C91833009A6E3D /* zb_best */,
				26221CD320C91834009A6E3D /* zb_bestTests */,
				26221CDE20C91834009A6E3D /* zb_bestUITests */,
			);
		};
/* End PBXProject section */

/* Begin PBXResourcesBuildPhase section */
		26221CBE20C91833009A6E3D /* Resources */ = {
			isa = PBXResourcesBuildPhase;
			buildActionMask = 2147483647;
			files = (
				26221CCE20C91834009A6E3D /* LaunchScreen.storyboard in Resources */,
				26221CCB20C91834009A6E3D /* Assets.xcassets in Resources */,
				26221CC920C91833009A6E3D /* Main.storyboard in Resources */,
			);
			runOnlyForDeploymentPostprocessing = 0;
		};
		26221CD220C91834009A6E3D /* Resources */ = {
			isa = PBXResourcesBuildPhase;
			buildActionMask = 2147483647;
			files = (
			);
			runOnlyForDeploymentPostprocessing = 0;
		};
		26221CDD20C91834009A6E3D /* Resources */ = {
			isa = PBXResourcesBuildPhase;
			buildActionMask = 2147483647;
			files = (
			);
			runOnlyForDeploymentPostprocessing = 0;
		};
/* End PBXResourcesBuildPhase section */

/* Begin PBXSourcesBuildPhase section */
		26221CBC20C91833009A6E3D /* Sources */ = {
			isa = PBXSourcesBuildPhase;
			buildActionMask = 2147483647;
			files = (
				26221CC620C91833009A6E3D /* ViewController.swift in Sources */,
				26221CC420C91833009A6E3D /* AppDelegate.swift in Sources */,
			);
			runOnlyForDeploymentPostprocessing = 0;
		};
		26221CD020C91834009A6E3D /* Sources */ = {
			isa = PBXSourcesBuildPhase;
			buildActionMask = 2147483647;
			files = (
				26221CD920C91834009A6E3D /* zb_bestTests.swift in Sources */,
			);
			runOnlyForDeploymentPostprocessing = 0;
		};
		26221CDB20C91834009A6E3D /* Sources */ = {
			isa = PBXSourcesBuildPhase;
			buildActionMask = 2147483647;
			files = (
				26221CE420C91834009A6E3D /* zb_bestUITests.swift in Sources */,
			);
			runOnlyForDeploymentPostprocessing = 0;
		};
/* End PBXSourcesBuildPhase section */

/* Begin PBXTargetDependency section */
		26221CD620C91834009A6E3D /* PBXTargetDependency */ = {
			isa = PBXTargetDependency;
			target = 26221CBF20C91833009A6E3D /* zb_best */;
			targetProxy = 26221CD520C91834009A6E3D /* PBXContainerItemProxy */;
		};
		26221CE120C91834009A6E3D /* PBXTargetDependency */ = {
			isa = PBXTargetDependency;
			target = 26221CBF20C91833009A6E3D /* zb_best */;
			targetProxy = 26221CE020C91834009A6E3D /* PBXContainerItemProxy */;
		};
/* End PBXTargetDependency section */

/* Begin PBXVariantGroup section */
		26221CC720C91833009A6E3D /* Main.storyboard */ = {
			isa = PBXVariantGroup;
			children = (
				26221CC820C91833009A6E3D /* Base */,
			);
			name = Main.storyboard;
			sourceTree = "<group>";
		};
		26221CCC20C91834009A6E3D /* LaunchScreen.storyboard */ = {
			isa = PBXVariantGroup;
			children = (
				26221CCD20C91834009A6E3D /* Base */,
			);
			name = LaunchScreen.storyboard;
			sourceTree = "<group>";
		};
/* End PBXVariantGroup section */

/* Begin XCBuildConfiguration section */
		26221CE620C91834009A6E3D /* Debug */ = {
			isa = XCBuildConfiguration;
			buildSettings = {
				ALWAYS_SEARCH_USER_PATHS = NO;
				CLANG_ANALYZER_NONNULL = YES;
				CLANG_ANALYZER_NUMBER_OBJECT_CONVERSION = YES_AGGRESSIVE;
				CLANG_CXX_LANGUAGE_STANDARD = "gnu++14";
				CLANG_CXX_LIBRARY = "libc++";
				CLANG_ENABLE_MODULES = YES;
				CLANG_ENABLE_OBJC_ARC = YES;
				CLANG_ENABLE_OBJC_WEAK = YES;
				CLANG_WARN_BLOCK_CAPTURE_AUTORELEASING = YES;
				CLANG_WARN_BOOL_CONVERSION = YES;
				CLANG_WARN_COMMA = YES;
				CLANG_WARN_CONSTANT_CONVERSION = YES;
				CLANG_WARN_DEPRECATED_OBJC_IMPLEMENTATIONS = YES;
				CLANG_WARN_DIRECT_OBJC_ISA_USAGE = YES_ERROR;
				CLANG_WARN_DOCUMENTATION_COMMENTS = YES;
				CLANG_WARN_EMPTY_BODY = YES;
				CLANG_WARN_ENUM_CONVERSION = YES;
				CLANG_WARN_INFINITE_RECURSION = YES;
				CLANG_WARN_INT_CONVERSION = YES;
				CLANG_WARN_NON_LITERAL_NULL_CONVERSION = YES;
				CLANG_WARN_OBJC_IMPLICIT_RETAIN_SELF = YES;
				CLANG_WARN_OBJC_LITERAL_CONVERSION = YES;
				CLANG_WARN_OBJC_ROOT_CLASS = YES_ERROR;
				CLANG_WARN_RANGE_LOOP_ANALYSIS = YES;
				CLANG_WARN_STRICT_PROTOTYPES = YES;
				CLANG_WARN_SUSPICIOUS_MOVE = YES;
				CLANG_WARN_UNGUARDED_AVAILABILITY = YES_AGGRESSIVE;
				CLANG_WARN_UNREACHABLE_CODE = YES;
				CLANG_WARN__DUPLICATE_METHOD_MATCH = YES;
				CODE_SIGN_IDENTITY = "iPhone Developer";
				COPY_PHASE_STRIP = NO;
				DEBUG_INFORMATION_FORMAT = dwarf;
				ENABLE_STRICT_OBJC_MSGSEND = YES;
				ENABLE_TESTABILITY = YES;
				GCC_C_LANGUAGE_STANDARD = gnu11;
				GCC_DYNAMIC_NO_PIC = NO;
				GCC_NO_COMMON_BLOCKS = YES;
				GCC_OPTIMIZATION_LEVEL = 0;
				GCC_PREPROCESSOR_DEFINITIONS = (
					"DEBUG=1",
					"$(inherited)",
				);
				GCC_WARN_64_TO_32_BIT_CONVERSION = YES;
				GCC_WARN_ABOUT_RETURN_TYPE = YES_ERROR;
				GCC_WARN_UNDECLARED_SELECTOR = YES;
				GCC_WARN_UNINITIALIZED_AUTOS = YES_AGGRESSIVE;
				GCC_WARN_UNUSED_FUNCTION = YES;
				GCC_WARN_UNUSED_VARIABLE = YES;
				IPHONEOS_DEPLOYMENT_TARGET = 11.3;
				MTL_ENABLE_DEBUG_INFO = YES;
				ONLY_ACTIVE_ARCH = YES;
				SDKROOT = iphoneos;
				SWIFT_ACTIVE_COMPILATION_CONDITIONS = DEBUG;
				SWIFT_OPTIMIZATION_LEVEL = "-Onone";
			};
			name = Debug;
		};
		26221CE720C91834009A6E3D /* Release */ = {
			isa = XCBuildConfiguration;
			buildSettings = {
				ALWAYS_SEARCH_USER_PATHS = NO;
				CLANG_ANALYZER_NONNULL = YES;
				CLANG_ANALYZER_NUMBER_OBJECT_CONVERSION = YES_AGGRESSIVE;
				CLANG_CXX_LANGUAGE_STANDARD = "gnu++14";
				CLANG_CXX_LIBRARY = "libc++";
				CLANG_ENABLE_MODULES = YES;
				CLANG_ENABLE_OBJC_ARC = YES;
				CLANG_ENABLE_OBJC_WEAK = YES;
				CLANG_WARN_BLOCK_CAPTURE_AUTORELEASING = YES;
				CLANG_WARN_BOOL_CONVERSION = YES;
				CLANG_WARN_COMMA = YES;
				CLANG_WARN_CONSTANT_CONVERSION = YES;
				CLANG_WARN_DEPRECATED_OBJC_IMPLEMENTATIONS = YES;
				CLANG_WARN_DIRECT_OBJC_ISA_USAGE = YES_ERROR;
				CLANG_WARN_DOCUMENTATION_COMMENTS = YES;
				CLANG_WARN_EMPTY_BODY = YES;
				CLANG_WARN_ENUM_CONVERSION = YES;
				CLANG_WARN_INFINITE_RECURSION = YES;
				CLANG_WARN_INT_CONVERSION = YES;
				CLANG_WARN_NON_LITERAL_NULL_CONVERSION = YES;
				CLANG_WARN_OBJC_IMPLICIT_RETAIN_SELF = YES;
				CLANG_WARN_OBJC_LITERAL_CONVERSION = YES;
				CLANG_WARN_OBJC_ROOT_CLASS = YES_ERROR;
				CLANG_WARN_RANGE_LOOP_ANALYSIS = YES;
				CLANG_WARN_STRICT_PROTOTYPES = YES;
				CLANG_WARN_SUSPICIOUS_MOVE = YES;
				CLANG_WARN_UNGUARDED_AVAILABILITY = YES_AGGRESSIVE;
				CLANG_WARN_UNREACHABLE_CODE = YES;
				CLANG_WARN__DUPLICATE_METHOD_MATCH = YES;
				CODE_SIGN_IDENTITY = "iPhone Developer";
				COPY_PHASE_STRIP = NO;
				DEBUG_INFORMATION_FORMAT = "dwarf-with-dsym";
				ENABLE_NS_ASSERTIONS = NO;
				ENABLE_STRICT_OBJC_MSGSEND = YES;
				GCC_C_LANGUAGE_STANDARD = gnu11;
				GCC_NO_COMMON_BLOCKS = YES;
				GCC_WARN_64_TO_32_BIT_CONVERSION = YES;
				GCC_WARN_ABOUT_RETURN_TYPE = YES_ERROR;
				GCC_WARN_UNDECLARED_SELECTOR = YES;
				GCC_WARN_UNINITIALIZED_AUTOS = YES_AGGRESSIVE;
				GCC_WARN_UNUSED_FUNCTION = YES;
				GCC_WARN_UNUSED_VARIABLE = YES;
				IPHONEOS_DEPLOYMENT_TARGET = 11.3;
				MTL_ENABLE_DEBUG_INFO = NO;
				SDKROOT = iphoneos;
				SWIFT_COMPILATION_MODE = wholemodule;
				SWIFT_OPTIMIZATION_LEVEL = "-O";
				VALIDATE_PRODUCT = YES;
			};
			name = Release;
		};
		26221CE920C91834009A6E3D /* Debug */ = {
			isa = XCBuildConfiguration;
			buildSettings = {
				ASSETCATALOG_COMPILER_APPICON_NAME = AppIcon;
				CODE_SIGN_STYLE = Automatic;
				DEVELOPMENT_TEAM = 9ZPF2ERCW9;
				INFOPLIST_FILE = zb_best/Info.plist;
				LD_RUNPATH_SEARCH_PATHS = (
					"$(inherited)",
					"@executable_path/Frameworks",
				);
				PRODUCT_BUNDLE_IDENTIFIER = "com.dengApro.zb-best";
				PRODUCT_NAME = "$(TARGET_NAME)";
				SWIFT_VERSION = 4.0;
				TARGETED_DEVICE_FAMILY = "1,2";
			};
			name = Debug;
		};
		26221CEA20C91834009A6E3D /* Release */ = {
			isa = XCBuildConfiguration;
			buildSettings = {
				ASSETCATALOG_COMPILER_APPICON_NAME = AppIcon;
				CODE_SIGN_STYLE = Automatic;
				DEVELOPMENT_TEAM = 9ZPF2ERCW9;
				INFOPLIST_FILE = zb_best/Info.plist;
				LD_RUNPATH_SEARCH_PATHS = (
					"$(inherited)",
					"@executable_path/Frameworks",
				);
				PRODUCT_BUNDLE_IDENTIFIER = "com.dengApro.zb-best";
				PRODUCT_NAME = "$(TARGET_NAME)";
				SWIFT_VERSION = 4.0;
				TARGETED_DEVICE_FAMILY = "1,2";
			};
			name = Release;
		};
		26221CEC20C91834009A6E3D /* Debug */ = {
			isa = XCBuildConfiguration;
			buildSettings = {
				ALWAYS_EMBED_SWIFT_STANDARD_LIBRARIES = YES;
				BUNDLE_LOADER = "$(TEST_HOST)";
				CODE_SIGN_STYLE = Automatic;
				DEVELOPMENT_TEAM = 9ZPF2ERCW9;
				INFOPLIST_FILE = zb_bestTests/Info.plist;
				LD_RUNPATH_SEARCH_PATHS = (
					"$(inherited)",
					"@executable_path/Frameworks",
					"@loader_path/Frameworks",
				);
				PRODUCT_BUNDLE_IDENTIFIER = "com.dengApro.zb-bestTests";
				PRODUCT_NAME = "$(TARGET_NAME)";
				SWIFT_VERSION = 4.0;
				TARGETED_DEVICE_FAMILY = "1,2";
				TEST_HOST = "$(BUILT_PRODUCTS_DIR)/zb_best.app/zb_best";
			};
			name = Debug;
		};
		26221CED20C91834009A6E3D /* Release */ = {
			isa = XCBuildConfiguration;
			buildSettings = {
				ALWAYS_EMBED_SWIFT_STANDARD_LIBRARIES = YES;
				BUNDLE_LOADER = "$(TEST_HOST)";
				CODE_SIGN_STYLE = Automatic;
				DEVELOPMENT_TEAM = 9ZPF2ERCW9;
				INFOPLIST_FILE = zb_bestTests/Info.plist;
				LD_RUNPATH_SEARCH_PATHS = (
					"$(inherited)",
					"@executable_path/Frameworks",
					"@loader_path/Frameworks",
				);
				PRODUCT_BUNDLE_IDENTIFIER = "com.dengApro.zb-bestTests";
				PRODUCT_NAME = "$(TARGET_NAME)";
				SWIFT_VERSION = 4.0;
				TARGETED_DEVICE_FAMILY = "1,2";
				TEST_HOST = "$(BUILT_PRODUCTS_DIR)/zb_best.app/zb_best";
			};
			name = Release;
		};
		26221CEF20C91834009A6E3D /* Debug */ = {
			isa = XCBuildConfiguration;
			buildSettings = {
				ALWAYS_EMBED_SWIFT_STANDARD_LIBRARIES = YES;
				CODE_SIGN_STYLE = Automatic;
				DEVELOPMENT_TEAM = 9ZPF2ERCW9;
				INFOPLIST_FILE = zb_bestUITests/Info.plist;
				LD_RUNPATH_SEARCH_PATHS = (
					"$(inherited)",
					"@executable_path/Frameworks",
					"@loader_path/Frameworks",
				);
				PRODUCT_BUNDLE_IDENTIFIER = "com.dengApro.zb-bestUITests";
				PRODUCT_NAME = "$(TARGET_NAME)";
				SWIFT_VERSION = 4.0;
				TARGETED_DEVICE_FAMILY = "1,2";
				TEST_TARGET_NAME = zb_best;
			};
			name = Debug;
		};
		26221CF020C91834009A6E3D /* Release */ = {
			isa = XCBuildConfiguration;
			buildSettings = {
				ALWAYS_EMBED_SWIFT_STANDARD_LIBRARIES = YES;
				CODE_SIGN_STYLE = Automatic;
				DEVELOPMENT_TEAM = 9ZPF2ERCW9;
				INFOPLIST_FILE = zb_bestUITests/Info.plist;
				LD_RUNPATH_SEARCH_PATHS = (
					"$(inherited)",
					"@executable_path/Frameworks",
					"@loader_path/Frameworks",
				);
				PRODUCT_BUNDLE_IDENTIFIER = "com.dengApro.zb-bestUITests";
				PRODUCT_NAME = "$(TARGET_NAME)";
				SWIFT_VERSION = 4.0;
				TARGETED_DEVICE_FAMILY = "1,2";
				TEST_TARGET_NAME = zb_best;
			};
			name = Release;
		};
/* End XCBuildConfiguration section */

/* Begin XCConfigurationList section */
		26221CBB20C91833009A6E3D /* Build configuration list for PBXProject "zb_best" */ = {
			isa = XCConfigurationList;
			buildConfigurations = (
				26221CE620C91834009A6E3D /* Debug */,
				26221CE720C91834009A6E3D /* Release */,
			);
			defaultConfigurationIsVisible = 0;
			defaultConfigurationName = Release;
		};
		26221CE820C91834009A6E3D /* Build configuration list for PBXNativeTarget "zb_best" */ = {
			isa = XCConfigurationList;
			buildConfigurations = (
				26221CE920C91834009A6E3D /* Debug */,
				26221CEA20C91834009A6E3D /* Release */,
			);
			defaultConfigurationIsVisible = 0;
			defaultConfigurationName = Release;
		};
		26221CEB20C91834009A6E3D /* Build configuration list for PBXNativeTarget "zb_bestTests" */ = {
			isa = XCConfigurationList;
			buildConfigurations = (
				26221CEC20C91834009A6E3D /* Debug */,
				26221CED20C91834009A6E3D /* Release */,
			);
			defaultConfigurationIsVisible = 0;
			defaultConfigurationName = Release;
		};
		26221CEE20C91834009A6E3D /* Build configuration list for PBXNativeTarget "zb_bestUITests" */ = {
			isa = XCConfigurationList;
			buildConfigurations = (
				26221CEF20C91834009A6E3D /* Debug */,
				26221CF020C91834009A6E3D /* Release */,
			);
			defaultConfigurationIsVisible = 0;
			defaultConfigurationName = Release;
		};
/* End XCConfigurationList section */
	};
	rootObject = 26221CB820C91833009A6E3D /* Project object */;
}
